
Microsoft Visual Studio Solution File, Format Version 12.00
# Visual Studio Version 16
VisualStudioVersion = 16.0.32126.315
MinimumVisualStudioVersion = 10.0.40219.1
Project("{FAE04EC0-301F-11D3-BF4B-00C04F79EFBC}") = "WebApplication4", "WebApplication4\WebApplication4.csproj", "{5E0D0E0A-D8F6-49BA-98E8-92A0B1BA5AF4}"
EndProject
Global
	GlobalSection(SolutionConfigurationPlatforms) = preSolution
		Debug|Any CPU = Debug|Any CPU
		Release|Any CPU = Release|Any CPU
	EndGlobalSection
	GlobalSection(ProjectConfigurationPlatforms) = postSolution
		{5E0D0E0A-D8F6-49BA-98E8-92A0B1BA5AF4}.Debug|Any CPU.ActiveCfg = Debug|Any CPU
		{5E0D0E0A-D8F6-49BA-98E8-92A0B1BA5AF4}.Debug|Any CPU.Build.0 = Debug|Any CPU
		{5E0D0E0A-D8F6-49BA-98E8-92A0B1BA5AF4}.Release|Any CPU.ActiveCfg = Release|Any CPU
		{5E0D0E0A-D8F6-49BA-98E8-92A0B1BA5AF4}.Release|Any CPU.Build.0 = Release|Any CPU
	EndGlobalSection
	GlobalSection(SolutionProperties) = preSolution
		HideSolutionNode = FALSE
	EndGlobalSection
	GlobalSection(ExtensibilityGlobals) = postSolution
		SolutionGuid = {C9FA3EDE-5188-4CC9-89E0-D7AAAC8E3DEA}
	EndGlobalSection
EndGlobal
