
Microsoft Visual Studio Solution File, Format Version 12.00
# Visual Studio Version 16
VisualStudioVersion = 16.0.32126.315
MinimumVisualStudioVersion = 10.0.40219.1
Project("{FAE04EC0-301F-11D3-BF4B-00C04F79EFBC}") = "WebApplication3", "WebApplication3\WebApplication3.csproj", "{ABE86A39-0D32-44D8-9EC6-2F99CB04F9BC}"
EndProject
Global
	GlobalSection(SolutionConfigurationPlatforms) = preSolution
		Debug|Any CPU = Debug|Any CPU
		Release|Any CPU = Release|Any CPU
	EndGlobalSection
	GlobalSection(ProjectConfigurationPlatforms) = postSolution
		{ABE86A39-0D32-44D8-9EC6-2F99CB04F9BC}.Debug|Any CPU.ActiveCfg = Debug|Any CPU
		{ABE86A39-0D32-44D8-9EC6-2F99CB04F9BC}.Debug|Any CPU.Build.0 = Debug|Any CPU
		{ABE86A39-0D32-44D8-9EC6-2F99CB04F9BC}.Release|Any CPU.ActiveCfg = Release|Any CPU
		{ABE86A39-0D32-44D8-9EC6-2F99CB04F9BC}.Release|Any CPU.Build.0 = Release|Any CPU
	EndGlobalSection
	GlobalSection(SolutionProperties) = preSolution
		HideSolutionNode = FALSE
	EndGlobalSection
	GlobalSection(ExtensibilityGlobals) = postSolution
		SolutionGuid = {941FD2EF-281F-4229-A5E2-AAF91A8DF89C}
	EndGlobalSection
EndGlobal
