
Microsoft Visual Studio Solution File, Format Version 12.00
# Visual Studio Version 16
VisualStudioVersion = 16.0.32126.315
MinimumVisualStudioVersion = 10.0.40219.1
Project("{FAE04EC0-301F-11D3-BF4B-00C04F79EFBC}") = "WebApplication2", "WebApplication2\WebApplication2.csproj", "{D34CF976-12B1-4859-A0FA-90C4C694633C}"
EndProject
Global
	GlobalSection(SolutionConfigurationPlatforms) = preSolution
		Debug|Any CPU = Debug|Any CPU
		Release|Any CPU = Release|Any CPU
	EndGlobalSection
	GlobalSection(ProjectConfigurationPlatforms) = postSolution
		{D34CF976-12B1-4859-A0FA-90C4C694633C}.Debug|Any CPU.ActiveCfg = Debug|Any CPU
		{D34CF976-12B1-4859-A0FA-90C4C694633C}.Debug|Any CPU.Build.0 = Debug|Any CPU
		{D34CF976-12B1-4859-A0FA-90C4C694633C}.Release|Any CPU.ActiveCfg = Release|Any CPU
		{D34CF976-12B1-4859-A0FA-90C4C694633C}.Release|Any CPU.Build.0 = Release|Any CPU
	EndGlobalSection
	GlobalSection(SolutionProperties) = preSolution
		HideSolutionNode = FALSE
	EndGlobalSection
	GlobalSection(ExtensibilityGlobals) = postSolution
		SolutionGuid = {9DAAFBC0-8758-4B19-959D-8F9E5A93370F}
	EndGlobalSection
EndGlobal
